
Microsoft Visual Studio Solution File, Format Version 12.00
# Visual Studio Version 16
VisualStudioVersion = 16.0.30320.27
MinimumVisualStudioVersion = 10.0.40219.1
Project("{FAE04EC0-301F-11D3-BF4B-00C04F79EFBC}") = "LabelPrinting", "LabelPrinting\LabelPrinting.csproj", "{AA7AF79D-9C32-4A19-A47C-8424C96791B2}"
EndProject
Project("{2150E333-8FDC-42A3-9474-1A3956D46DE8}") = "Solution Items", "Solution Items", "{35A3DA56-59AC-44F5-BBC2-E5E8929F1761}"
EndProject
Global
	GlobalSection(SolutionConfigurationPlatforms) = preSolution
		Debug|Any CPU = Debug|Any CPU
		Debug|x64 = Debug|x64
		Release|Any CPU = Release|Any CPU
		Release|x64 = Release|x64
	EndGlobalSection
	GlobalSection(ProjectConfigurationPlatforms) = postSolution
		{AA7AF79D-9C32-4A19-A47C-8424C96791B2}.Debug|Any CPU.ActiveCfg = Debug|x64
		{AA7AF79D-9C32-4A19-A47C-8424C96791B2}.Debug|Any CPU.Build.0 = Debug|x64
		{AA7AF79D-9C32-4A19-A47C-8424C96791B2}.Debug|x64.ActiveCfg = Debug|Any CPU
		{AA7AF79D-9C32-4A19-A47C-8424C96791B2}.Debug|x64.Build.0 = Debug|Any CPU
		{AA7AF79D-9C32-4A19-A47C-8424C96791B2}.Release|Any CPU.ActiveCfg = Release|Any CPU
		{AA7AF79D-9C32-4A19-A47C-8424C96791B2}.Release|Any CPU.Build.0 = Release|Any CPU
		{AA7AF79D-9C32-4A19-A47C-8424C96791B2}.Release|x64.ActiveCfg = Release|x64
		{AA7AF79D-9C32-4A19-A47C-8424C96791B2}.Release|x64.Build.0 = Release|x64
	EndGlobalSection
	GlobalSection(SolutionProperties) = preSolution
		HideSolutionNode = FALSE
	EndGlobalSection
	GlobalSection(ExtensibilityGlobals) = postSolution
		SolutionGuid = {B5D3D360-9C99-4AA5-9D58-8C95522F8D95}
	EndGlobalSection
EndGlobal
